
Microsoft Visual Studio Solution File, Format Version 12.00
# Visual Studio 2013
VisualStudioVersion = 12.0.31101.0
MinimumVisualStudioVersion = 10.0.40219.1
Project("{F184B08F-C81C-45F6-A57F-5ABD9991F28F}") = "PackageExpress", "PackageExpress\PackageExpress.vbproj", "{B7D09535-7258-4E6A-BBBD-8A09F5A349FB}"
EndProject
Project("{F184B08F-C81C-45F6-A57F-5ABD9991F28F}") = "PackageExpress.Tests", "PackageExpress.Tests\PackageExpress.Tests.vbproj", "{0FCF4FCB-287B-43BE-A3C9-3A005A8D78F5}"
EndProject
Global
	GlobalSection(SolutionConfigurationPlatforms) = preSolution
		Debug|Any CPU = Debug|Any CPU
		Release|Any CPU = Release|Any CPU
	EndGlobalSection
	GlobalSection(ProjectConfigurationPlatforms) = postSolution
		{B7D09535-7258-4E6A-BBBD-8A09F5A349FB}.Debug|Any CPU.ActiveCfg = Debug|Any CPU
		{B7D09535-7258-4E6A-BBBD-8A09F5A349FB}.Debug|Any CPU.Build.0 = Debug|Any CPU
		{B7D09535-7258-4E6A-BBBD-8A09F5A349FB}.Release|Any CPU.ActiveCfg = Release|Any CPU
		{B7D09535-7258-4E6A-BBBD-8A09F5A349FB}.Release|Any CPU.Build.0 = Release|Any CPU
		{0FCF4FCB-287B-43BE-A3C9-3A005A8D78F5}.Debug|Any CPU.ActiveCfg = Debug|Any CPU
		{0FCF4FCB-287B-43BE-A3C9-3A005A8D78F5}.Debug|Any CPU.Build.0 = Debug|Any CPU
		{0FCF4FCB-287B-43BE-A3C9-3A005A8D78F5}.Release|Any CPU.ActiveCfg = Release|Any CPU
		{0FCF4FCB-287B-43BE-A3C9-3A005A8D78F5}.Release|Any CPU.Build.0 = Release|Any CPU
	EndGlobalSection
	GlobalSection(SolutionProperties) = preSolution
		HideSolutionNode = FALSE
	EndGlobalSection
EndGlobal
